// !$*UTF8*$!
{
	archiveVersion = 1;
	classes = {
	};
	objectVersion = 51;
	objects = {

/* Begin PBXBuildFile section */
		318C3381D3883EE9A286233C /* Pods_movies.framework in Frameworks */ = {isa = PBXBuildFile; fileRef = 9DD901ECCBF5B75E6DF3AAAD /* Pods_movies.framework */; };
		41022CF5250E357C00A2709E /* AppDelegate.swift in Sources */ = {isa = PBXBuildFile; fileRef = 41022CF4250E357C00A2709E /* AppDelegate.swift */; };
		41022CF7250E357C00A2709E /* SceneDelegate.swift in Sources */ = {isa = PBXBuildFile; fileRef = 41022CF6250E357C00A2709E /* SceneDelegate.swift */; };
		41022CFE250E357D00A2709E /* Assets.xcassets in Resources */ = {isa = PBXBuildFile; fileRef = 41022CFD250E357D00A2709E /* Assets.xcassets */; };
		41022D01250E357D00A2709E /* LaunchScreen.storyboard in Resources */ = {isa = PBXBuildFile; fileRef = 41022CFF250E357D00A2709E /* LaunchScreen.storyboard */; };
		41022D09250E35CD00A2709E /* MoviesTableViewController.swift in Sources */ = {isa = PBXBuildFile; fileRef = 41022D08250E35CD00A2709E /* MoviesTableViewController.swift */; };
		41022D10250E479C00A2709E /* Movie.swift in Sources */ = {isa = PBXBuildFile; fileRef = 41022D0F250E479C00A2709E /* Movie.swift */; };
		4120D06825AB71290048DC9D /* Color.swift in Sources */ = {isa = PBXBuildFile; fileRef = 4120D06725AB71290048DC9D /* Color.swift */; };
		4127DE112515389D004C123F /* MovieEndpoints.swift in Sources */ = {isa = PBXBuildFile; fileRef = 4127DE102515389D004C123F /* MovieEndpoints.swift */; };
		4127DE1625153D68004C123F /* Endpoint.swift in Sources */ = {isa = PBXBuildFile; fileRef = 4127DE1525153D68004C123F /* Endpoint.swift */; };
		4127DE1925153D78004C123F /* EndpointType.swift in Sources */ = {isa = PBXBuildFile; fileRef = 4127DE1825153D78004C123F /* EndpointType.swift */; };
		4127DE1C25154024004C123F /* NetworkManager.swift in Sources */ = {isa = PBXBuildFile; fileRef = 4127DE1B25154024004C123F /* NetworkManager.swift */; };
		4127DE1F251544EB004C123F /* MovieService.swift in Sources */ = {isa = PBXBuildFile; fileRef = 4127DE1E251544EB004C123F /* MovieService.swift */; };
		4127DE2425154538004C123F /* MovieServiceType.swift in Sources */ = {isa = PBXBuildFile; fileRef = 4127DE2325154538004C123F /* MovieServiceType.swift */; };
		4127DE2A25155348004C123F /* ImagePath.swift in Sources */ = {isa = PBXBuildFile; fileRef = 4127DE2925155348004C123F /* ImagePath.swift */; };
		4127DE2D25155364004C123F /* ImagePathType.swift in Sources */ = {isa = PBXBuildFile; fileRef = 4127DE2C25155364004C123F /* ImagePathType.swift */; };
		4127DE3625155624004C123F /* ImageManager.swift in Sources */ = {isa = PBXBuildFile; fileRef = 4127DE3525155624004C123F /* ImageManager.swift */; };
		4127DE3925155639004C123F /* ImageManagerType.swift in Sources */ = {isa = PBXBuildFile; fileRef = 4127DE3825155639004C123F /* ImageManagerType.swift */; };
		414209342516A7B00007D0DB /* DetailsViewController.swift in Sources */ = {isa = PBXBuildFile; fileRef = 414209332516A7AF0007D0DB /* DetailsViewController.swift */; };
		414209392516AAFC0007D0DB /* MovieDetailsViewModelType.swift in Sources */ = {isa = PBXBuildFile; fileRef = 414209382516AAFC0007D0DB /* MovieDetailsViewModelType.swift */; };
		4142093D2516AB100007D0DB /* MovieDetailsViewModel.swift in Sources */ = {isa = PBXBuildFile; fileRef = 4142093C2516AB100007D0DB /* MovieDetailsViewModel.swift */; };
		41466F8D251652C400E22CA1 /* MovieProtocol.swift in Sources */ = {isa = PBXBuildFile; fileRef = 41466F8C251652C400E22CA1 /* MovieProtocol.swift */; };
		41466F9325165DA200E22CA1 /* Box.swift in Sources */ = {isa = PBXBuildFile; fileRef = 41466F9225165DA200E22CA1 /* Box.swift */; };
		414ED00025AA6ED3001D9809 /* GoogleService-Info.plist in Resources */ = {isa = PBXBuildFile; fileRef = 414ECFFF25AA6ED3001D9809 /* GoogleService-Info.plist */; };
		414ED03325AA7280001D9809 /* EntryViewController.swift in Sources */ = {isa = PBXBuildFile; fileRef = 414ED03225AA7280001D9809 /* EntryViewController.swift */; };
		414ED03925AA7EFC001D9809 /* LoginViewController.swift in Sources */ = {isa = PBXBuildFile; fileRef = 414ED03825AA7EFC001D9809 /* LoginViewController.swift */; };
		414ED03D25AA7F0C001D9809 /* SignUpViewController.swift in Sources */ = {isa = PBXBuildFile; fileRef = 414ED03C25AA7F0C001D9809 /* SignUpViewController.swift */; };
		414ED04225AA7F3F001D9809 /* SignUpViewModel.swift in Sources */ = {isa = PBXBuildFile; fileRef = 414ED04125AA7F3F001D9809 /* SignUpViewModel.swift */; };
		414ED04525AA7F50001D9809 /* LoginViewModel.swift in Sources */ = {isa = PBXBuildFile; fileRef = 414ED04425AA7F50001D9809 /* LoginViewModel.swift */; };
		414ED04825AA7F63001D9809 /* SignUpViewModelType.swift in Sources */ = {isa = PBXBuildFile; fileRef = 414ED04725AA7F63001D9809 /* SignUpViewModelType.swift */; };
		414ED04B25AA7F73001D9809 /* LogInViewModelType.swift in Sources */ = {isa = PBXBuildFile; fileRef = 414ED04A25AA7F73001D9809 /* LogInViewModelType.swift */; };
		414ED04E25AA7F90001D9809 /* AuthNavigator.swift in Sources */ = {isa = PBXBuildFile; fileRef = 414ED04D25AA7F90001D9809 /* AuthNavigator.swift */; };
		414ED05225AA7FF7001D9809 /* AuthViewControllerFactory.swift in Sources */ = {isa = PBXBuildFile; fileRef = 414ED05125AA7FF7001D9809 /* AuthViewControllerFactory.swift */; };
		414ED05825AA80EB001D9809 /* AuthService.swift in Sources */ = {isa = PBXBuildFile; fileRef = 414ED05725AA80EB001D9809 /* AuthService.swift */; };
		414ED05D25AA8101001D9809 /* AuthServiceType.swift in Sources */ = {isa = PBXBuildFile; fileRef = 414ED05C25AA8101001D9809 /* AuthServiceType.swift */; };
		4173629E250E56B80021A364 /* MovieTableViewModel.swift in Sources */ = {isa = PBXBuildFile; fileRef = 4173629D250E56B70021A364 /* MovieTableViewModel.swift */; };
		417362A5250E586B0021A364 /* MovieCellViewModel.swift in Sources */ = {isa = PBXBuildFile; fileRef = 417362A4250E586B0021A364 /* MovieCellViewModel.swift */; };
		417362AA250E63810021A364 /* View.swift in Sources */ = {isa = PBXBuildFile; fileRef = 417362A9250E63810021A364 /* View.swift */; };
		4182EF9D25A8DCDD00F6B108 /* ViewControllerFactoryType.swift in Sources */ = {isa = PBXBuildFile; fileRef = 4182EF9C25A8DCDD00F6B108 /* ViewControllerFactoryType.swift */; };
		4182EFA425A8DF9800F6B108 /* MovieViewControllerFactory.swift in Sources */ = {isa = PBXBuildFile; fileRef = 4182EFA325A8DF9800F6B108 /* MovieViewControllerFactory.swift */; };
		4182EFAE25A90AB500F6B108 /* NavigatorType.swift in Sources */ = {isa = PBXBuildFile; fileRef = 4182EFAD25A90AB500F6B108 /* NavigatorType.swift */; };
		4182EFB325A90B0900F6B108 /* MoviesNavigator.swift in Sources */ = {isa = PBXBuildFile; fileRef = 4182EFB225A90B0900F6B108 /* MoviesNavigator.swift */; };
		4198E1072512A64700703AC9 /* NetworkConstants.swift in Sources */ = {isa = PBXBuildFile; fileRef = 4198E1062512A64700703AC9 /* NetworkConstants.swift */; };
		41E9304B25164F8900D0A2EB /* MovieCellViewModelType.swift in Sources */ = {isa = PBXBuildFile; fileRef = 41E9304A25164F8900D0A2EB /* MovieCellViewModelType.swift */; };
		41FE71C0250FB8EC00092A7A /* MovieViewCell.swift in Sources */ = {isa = PBXBuildFile; fileRef = 41FE71BF250FB8EC00092A7A /* MovieViewCell.swift */; };
		41FFE8592511460D00B7A6F8 /* HTTPMethods.swift in Sources */ = {isa = PBXBuildFile; fileRef = 41FFE8582511460D00B7A6F8 /* HTTPMethods.swift */; };
		41FFE86A2512147900B7A6F8 /* NetworkManagerType.swift in Sources */ = {isa = PBXBuildFile; fileRef = 41FFE8692512147900B7A6F8 /* NetworkManagerType.swift */; };
		41FFE874251243E000B7A6F8 /* MovieTableViewModelType.swift in Sources */ = {isa = PBXBuildFile; fileRef = 41FFE873251243E000B7A6F8 /* MovieTableViewModelType.swift */; };
/* End PBXBuildFile section */

/* Begin PBXFileReference section */
		41022CF1250E357C00A2709E /* movies.app */ = {isa = PBXFileReference; explicitFileType = wrapper.application; includeInIndex = 0; path = movies.app; sourceTree = BUILT_PRODUCTS_DIR; };
		41022CF4250E357C00A2709E /* AppDelegate.swift */ = {isa = PBXFileReference; lastKnownFileType = sourcecode.swift; path = AppDelegate.swift; sourceTree = "<group>"; };
		41022CF6250E357C00A2709E /* SceneDelegate.swift */ = {isa = PBXFileReference; lastKnownFileType = sourcecode.swift; path = SceneDelegate.swift; sourceTree = "<group>"; };
		41022CFD250E357D00A2709E /* Assets.xcassets */ = {isa = PBXFileReference; lastKnownFileType = folder.assetcatalog; path = Assets.xcassets; sourceTree = "<group>"; };
		41022D00250E357D00A2709E /* Base */ = {isa = PBXFileReference; lastKnownFileType = file.storyboard; name = Base; path = Base.lproj/LaunchScreen.storyboard; sourceTree = "<group>"; };
		41022D02250E357D00A2709E /* Info.plist */ = {isa = PBXFileReference; lastKnownFileType = text.plist.xml; path = Info.plist; sourceTree = "<group>"; };
		41022D08250E35CD00A2709E /* MoviesTableViewController.swift */ = {isa = PBXFileReference; lastKnownFileType = sourcecode.swift; path = MoviesTableViewController.swift; sourceTree = "<group>"; };
		41022D0F250E479C00A2709E /* Movie.swift */ = {isa = PBXFileReference; lastKnownFileType = sourcecode.swift; path = Movie.swift; sourceTree = "<group>"; };
		4120D06725AB71290048DC9D /* Color.swift */ = {isa = PBXFileReference; lastKnownFileType = sourcecode.swift; path = Color.swift; sourceTree = "<group>"; };
		4127DE102515389D004C123F /* MovieEndpoints.swift */ = {isa = PBXFileReference; lastKnownFileType = sourcecode.swift; path = MovieEndpoints.swift; sourceTree = "<group>"; };
		4127DE1525153D68004C123F /* Endpoint.swift */ = {isa = PBXFileReference; lastKnownFileType = sourcecode.swift; path = Endpoint.swift; sourceTree = "<group>"; };
		4127DE1825153D78004C123F /* EndpointType.swift */ = {isa = PBXFileReference; lastKnownFileType = sourcecode.swift; path = EndpointType.swift; sourceTree = "<group>"; };
		4127DE1B25154024004C123F /* NetworkManager.swift */ = {isa = PBXFileReference; lastKnownFileType = sourcecode.swift; path = NetworkManager.swift; sourceTree = "<group>"; };
		4127DE1E251544EB004C123F /* MovieService.swift */ = {isa = PBXFileReference; lastKnownFileType = sourcecode.swift; path = MovieService.swift; sourceTree = "<group>"; };
		4127DE2325154538004C123F /* MovieServiceType.swift */ = {isa = PBXFileReference; lastKnownFileType = sourcecode.swift; path = MovieServiceType.swift; sourceTree = "<group>"; };
		4127DE2925155348004C123F /* ImagePath.swift */ = {isa = PBXFileReference; lastKnownFileType = sourcecode.swift; path = ImagePath.swift; sourceTree = "<group>"; };
		4127DE2C25155364004C123F /* ImagePathType.swift */ = {isa = PBXFileReference; lastKnownFileType = sourcecode.swift; path = ImagePathType.swift; sourceTree = "<group>"; };
		4127DE3525155624004C123F /* ImageManager.swift */ = {isa = PBXFileReference; lastKnownFileType = sourcecode.swift; path = ImageManager.swift; sourceTree = "<group>"; };
		4127DE3825155639004C123F /* ImageManagerType.swift */ = {isa = PBXFileReference; lastKnownFileType = sourcecode.swift; path = ImageManagerType.swift; sourceTree = "<group>"; };
		414209332516A7AF0007D0DB /* DetailsViewController.swift */ = {isa = PBXFileReference; lastKnownFileType = sourcecode.swift; path = DetailsViewController.swift; sourceTree = "<group>"; };
		414209382516AAFC0007D0DB /* MovieDetailsViewModelType.swift */ = {isa = PBXFileReference; lastKnownFileType = sourcecode.swift; path = MovieDetailsViewModelType.swift; sourceTree = "<group>"; };
		4142093C2516AB100007D0DB /* MovieDetailsViewModel.swift */ = {isa = PBXFileReference; lastKnownFileType = sourcecode.swift; path = MovieDetailsViewModel.swift; sourceTree = "<group>"; };
		41466F8C251652C400E22CA1 /* MovieProtocol.swift */ = {isa = PBXFileReference; lastKnownFileType = sourcecode.swift; path = MovieProtocol.swift; sourceTree = "<group>"; };
		41466F9225165DA200E22CA1 /* Box.swift */ = {isa = PBXFileReference; lastKnownFileType = sourcecode.swift; path = Box.swift; sourceTree = "<group>"; };
		414ECFFF25AA6ED3001D9809 /* GoogleService-Info.plist */ = {isa = PBXFileReference; fileEncoding = 4; lastKnownFileType = text.plist.xml; path = "GoogleService-Info.plist"; sourceTree = "<group>"; };
		414ED03225AA7280001D9809 /* EntryViewController.swift */ = {isa = PBXFileReference; lastKnownFileType = sourcecode.swift; path = EntryViewController.swift; sourceTree = "<group>"; };
		414ED03825AA7EFC001D9809 /* LoginViewController.swift */ = {isa = PBXFileReference; lastKnownFileType = sourcecode.swift; path = LoginViewController.swift; sourceTree = "<group>"; };
		414ED03C25AA7F0C001D9809 /* SignUpViewController.swift */ = {isa = PBXFileReference; lastKnownFileType = sourcecode.swift; path = SignUpViewController.swift; sourceTree = "<group>"; };
		414ED04125AA7F3F001D9809 /* SignUpViewModel.swift */ = {isa = PBXFileReference; lastKnownFileType = sourcecode.swift; path = SignUpViewModel.swift; sourceTree = "<group>"; };
		414ED04425AA7F50001D9809 /* LoginViewModel.swift */ = {isa = PBXFileReference; lastKnownFileType = sourcecode.swift; path = LoginViewModel.swift; sourceTree = "<group>"; };
		414ED04725AA7F63001D9809 /* SignUpViewModelType.swift */ = {isa = PBXFileReference; lastKnownFileType = sourcecode.swift; path = SignUpViewModelType.swift; sourceTree = "<group>"; };
		414ED04A25AA7F73001D9809 /* LogInViewModelType.swift */ = {isa = PBXFileReference; lastKnownFileType = sourcecode.swift; path = LogInViewModelType.swift; sourceTree = "<group>"; };
		414ED04D25AA7F90001D9809 /* AuthNavigator.swift */ = {isa = PBXFileReference; lastKnownFileType = sourcecode.swift; path = AuthNavigator.swift; sourceTree = "<group>"; };
		414ED05125AA7FF7001D9809 /* AuthViewControllerFactory.swift */ = {isa = PBXFileReference; lastKnownFileType = sourcecode.swift; path = AuthViewControllerFactory.swift; sourceTree = "<group>"; };
		414ED05725AA80EB001D9809 /* AuthService.swift */ = {isa = PBXFileReference; lastKnownFileType = sourcecode.swift; path = AuthService.swift; sourceTree = "<group>"; };
		414ED05C25AA8101001D9809 /* AuthServiceType.swift */ = {isa = PBXFileReference; lastKnownFileType = sourcecode.swift; path = AuthServiceType.swift; sourceTree = "<group>"; };
		4173629D250E56B70021A364 /* MovieTableViewModel.swift */ = {isa = PBXFileReference; lastKnownFileType = sourcecode.swift; path = MovieTableViewModel.swift; sourceTree = "<group>"; };
		417362A4250E586B0021A364 /* MovieCellViewModel.swift */ = {isa = PBXFileReference; lastKnownFileType = sourcecode.swift; path = MovieCellViewModel.swift; sourceTree = "<group>"; };
		417362A9250E63810021A364 /* View.swift */ = {isa = PBXFileReference; lastKnownFileType = sourcecode.swift; path = View.swift; sourceTree = "<group>"; };
		4182EF9C25A8DCDD00F6B108 /* ViewControllerFactoryType.swift */ = {isa = PBXFileReference; lastKnownFileType = sourcecode.swift; path = ViewControllerFactoryType.swift; sourceTree = "<group>"; };
		4182EFA325A8DF9800F6B108 /* MovieViewControllerFactory.swift */ = {isa = PBXFileReference; lastKnownFileType = sourcecode.swift; path = MovieViewControllerFactory.swift; sourceTree = "<group>"; };
		4182EFAD25A90AB500F6B108 /* NavigatorType.swift */ = {isa = PBXFileReference; lastKnownFileType = sourcecode.swift; path = NavigatorType.swift; sourceTree = "<group>"; };
		4182EFB225A90B0900F6B108 /* MoviesNavigator.swift */ = {isa = PBXFileReference; lastKnownFileType = sourcecode.swift; path = MoviesNavigator.swift; sourceTree = "<group>"; };
		4198E1062512A64700703AC9 /* NetworkConstants.swift */ = {isa = PBXFileReference; lastKnownFileType = sourcecode.swift; path = NetworkConstants.swift; sourceTree = "<group>"; };
		41E9304A25164F8900D0A2EB /* MovieCellViewModelType.swift */ = {isa = PBXFileReference; lastKnownFileType = sourcecode.swift; path = MovieCellViewModelType.swift; sourceTree = "<group>"; };
		41FE71BF250FB8EC00092A7A /* MovieViewCell.swift */ = {isa = PBXFileReference; lastKnownFileType = sourcecode.swift; path = MovieViewCell.swift; sourceTree = "<group>"; };
		41FFE8582511460D00B7A6F8 /* HTTPMethods.swift */ = {isa = PBXFileReference; lastKnownFileType = sourcecode.swift; path = HTTPMethods.swift; sourceTree = "<group>"; };
		41FFE8692512147900B7A6F8 /* NetworkManagerType.swift */ = {isa = PBXFileReference; lastKnownFileType = sourcecode.swift; path = NetworkManagerType.swift; sourceTree = "<group>"; };
		41FFE873251243E000B7A6F8 /* MovieTableViewModelType.swift */ = {isa = PBXFileReference; lastKnownFileType = sourcecode.swift; path = MovieTableViewModelType.swift; sourceTree = "<group>"; };
		45318DABB5105262CA06285E /* Pods-movies.release.xcconfig */ = {isa = PBXFileReference; includeInIndex = 1; lastKnownFileType = text.xcconfig; name = "Pods-movies.release.xcconfig"; path = "Target Support Files/Pods-movies/Pods-movies.release.xcconfig"; sourceTree = "<group>"; };
		6F8C310AF86BA1C85478E786 /* Pods-movies.debug.xcconfig */ = {isa = PBXFileReference; includeInIndex = 1; lastKnownFileType = text.xcconfig; name = "Pods-movies.debug.xcconfig"; path = "Target Support Files/Pods-movies/Pods-movies.debug.xcconfig"; sourceTree = "<group>"; };
		9DD901ECCBF5B75E6DF3AAAD /* Pods_movies.framework */ = {isa = PBXFileReference; explicitFileType = wrapper.framework; includeInIndex = 0; path = Pods_movies.framework; sourceTree = BUILT_PRODUCTS_DIR; };
/* End PBXFileReference section */

/* Begin PBXFrameworksBuildPhase section */
		41022CEE250E357C00A2709E /* Frameworks */ = {
			isa = PBXFrameworksBuildPhase;
			buildActionMask = 2147483647;
			files = (
				318C3381D3883EE9A286233C /* Pods_movies.framework in Frameworks */,
			);
			runOnlyForDeploymentPostprocessing = 0;
		};
/* End PBXFrameworksBuildPhase section */

/* Begin PBXGroup section */
		41022CE8250E357C00A2709E = {
			isa = PBXGroup;
			children = (
				41022CF3250E357C00A2709E /* movies */,
				41022CF2250E357C00A2709E /* Products */,
				7A95EAA6C3039558D40747BF /* Pods */,
				EBE3F96266862B67933AC872 /* Frameworks */,
			);
			sourceTree = "<group>";
		};
		41022CF2250E357C00A2709E /* Products */ = {
			isa = PBXGroup;
			children = (
				41022CF1250E357C00A2709E /* movies.app */,
			);
			name = Products;
			sourceTree = "<group>";
		};
		41022CF3250E357C00A2709E /* movies */ = {
			isa = PBXGroup;
			children = (
				4120D06A25AB88840048DC9D /* Views */,
				4182EFB125A90AEE00F6B108 /* Navigation */,
				4161A4C92515625700FB218F /* Helpers */,
				417362A8250E63720021A364 /* Extensions */,
				41022D12250E493100A2709E /* Endpoints */,
				41022D0D250E35F100A2709E /* Managers */,
				41022D0C250E35E700A2709E /* ViewModels */,
				41022D0B250E35DD00A2709E /* Models */,
				41022D0A250E35D100A2709E /* ViewControllers */,
				417362A1250E56ED0021A364 /* Protocols */,
				41FFE85A2511461200B7A6F8 /* Enums */,
				4127DE21251544F1004C123F /* Services */,
				41022CF4250E357C00A2709E /* AppDelegate.swift */,
				41022CF6250E357C00A2709E /* SceneDelegate.swift */,
				41022CFD250E357D00A2709E /* Assets.xcassets */,
				414ECFFF25AA6ED3001D9809 /* GoogleService-Info.plist */,
				41022CFF250E357D00A2709E /* LaunchScreen.storyboard */,
				41022D02250E357D00A2709E /* Info.plist */,
			);
			path = movies;
			sourceTree = "<group>";
		};
		41022D0A250E35D100A2709E /* ViewControllers */ = {
			isa = PBXGroup;
			children = (
				414ED03625AA7ED2001D9809 /* SignUpViewController */,
				414ED03525AA7EC2001D9809 /* LoginViewController */,
				414ECFFE25AA6E1E001D9809 /* EntryViewController */,
				414209302516A7560007D0DB /* DetailsViewController */,
				4127DE4525155972004C123F /* MovieTableViewController */,
			);
			path = ViewControllers;
			sourceTree = "<group>";
		};
		41022D0B250E35DD00A2709E /* Models */ = {
			isa = PBXGroup;
			children = (
				4127DE412515582C004C123F /* Endpoint */,
				41022D11250E47A100A2709E /* Movie */,
			);
			path = Models;
			sourceTree = "<group>";
		};
		41022D0C250E35E700A2709E /* ViewModels */ = {
			isa = PBXGroup;
			children = (
				414ED03F25AA7F1F001D9809 /* Auth */,
				414209362516AAC80007D0DB /* MovieDetails */,
				41FFE870251216B700B7A6F8 /* MovieCell */,
				41FFE86F251216A100B7A6F8 /* MovieTable */,
			);
			path = ViewModels;
			sourceTree = "<group>";
		};
		41022D0D250E35F100A2709E /* Managers */ = {
			isa = PBXGroup;
			children = (
				4173629A250E51430021A364 /* Networking */,
			);
			path = Managers;
			sourceTree = "<group>";
		};
		41022D11250E47A100A2709E /* Movie */ = {
			isa = PBXGroup;
			children = (
				41466F8B251652AF00E22CA1 /* Protocols */,
				41022D0F250E479C00A2709E /* Movie.swift */,
			);
			path = Movie;
			sourceTree = "<group>";
		};
		41022D12250E493100A2709E /* Endpoints */ = {
			isa = PBXGroup;
			children = (
				41022D13250E493F00A2709E /* Movie */,
			);
			path = Endpoints;
			sourceTree = "<group>";
		};
		41022D13250E493F00A2709E /* Movie */ = {
			isa = PBXGroup;
			children = (
				4127DE102515389D004C123F /* MovieEndpoints.swift */,
			);
			path = Movie;
			sourceTree = "<group>";
		};
		4120D06A25AB88840048DC9D /* Views */ = {
			isa = PBXGroup;
			children = (
			);
			path = Views;
			sourceTree = "<group>";
		};
		4127DE21251544F1004C123F /* Services */ = {
			isa = PBXGroup;
			children = (
				414ED05625AA80DB001D9809 /* AuthService */,
				4182EFA125A8DF5400F6B108 /* VCFactoryService */,
				4182EFA025A8DF2C00F6B108 /* MovieService */,
			);
			path = Services;
			sourceTree = "<group>";
		};
		4127DE3C251557F9004C123F /* Constants */ = {
			isa = PBXGroup;
			children = (
				4198E1062512A64700703AC9 /* NetworkConstants.swift */,
			);
			path = Constants;
			sourceTree = "<group>";
		};
		4127DE412515582C004C123F /* Endpoint */ = {
			isa = PBXGroup;
			children = (
				4127DE1525153D68004C123F /* Endpoint.swift */,
			);
			path = Endpoint;
			sourceTree = "<group>";
		};
		4127DE432515583B004C123F /* ImagePath */ = {
			isa = PBXGroup;
			children = (
				4127DE2925155348004C123F /* ImagePath.swift */,
			);
			path = ImagePath;
			sourceTree = "<group>";
		};
		4127DE4525155972004C123F /* MovieTableViewController */ = {
			isa = PBXGroup;
			children = (
				41022D08250E35CD00A2709E /* MoviesTableViewController.swift */,
				41FE71BF250FB8EC00092A7A /* MovieViewCell.swift */,
			);
			path = MovieTableViewController;
			sourceTree = "<group>";
		};
		414209302516A7560007D0DB /* DetailsViewController */ = {
			isa = PBXGroup;
			children = (
				414209332516A7AF0007D0DB /* DetailsViewController.swift */,
			);
			path = DetailsViewController;
			sourceTree = "<group>";
		};
		414209362516AAC80007D0DB /* MovieDetails */ = {
			isa = PBXGroup;
			children = (
				414209372516AAE30007D0DB /* Protocols */,
				4142093C2516AB100007D0DB /* MovieDetailsViewModel.swift */,
			);
			path = MovieDetails;
			sourceTree = "<group>";
		};
		414209372516AAE30007D0DB /* Protocols */ = {
			isa = PBXGroup;
			children = (
				414209382516AAFC0007D0DB /* MovieDetailsViewModelType.swift */,
			);
			path = Protocols;
			sourceTree = "<group>";
		};
		41466F8B251652AF00E22CA1 /* Protocols */ = {
			isa = PBXGroup;
			children = (
				41466F8C251652C400E22CA1 /* MovieProtocol.swift */,
			);
			path = Protocols;
			sourceTree = "<group>";
		};
		41466F9125165D9300E22CA1 /* Box */ = {
			isa = PBXGroup;
			children = (
				41466F9225165DA200E22CA1 /* Box.swift */,
			);
			path = Box;
			sourceTree = "<group>";
		};
		414ECFFE25AA6E1E001D9809 /* EntryViewController */ = {
			isa = PBXGroup;
			children = (
				414ED03225AA7280001D9809 /* EntryViewController.swift */,
			);
			path = EntryViewController;
			sourceTree = "<group>";
		};
		414ED03525AA7EC2001D9809 /* LoginViewController */ = {
			isa = PBXGroup;
			children = (
				414ED03825AA7EFC001D9809 /* LoginViewController.swift */,
			);
			path = LoginViewController;
			sourceTree = "<group>";
		};
		414ED03625AA7ED2001D9809 /* SignUpViewController */ = {
			isa = PBXGroup;
			children = (
				414ED03C25AA7F0C001D9809 /* SignUpViewController.swift */,
			);
			path = SignUpViewController;
			sourceTree = "<group>";
		};
		414ED03F25AA7F1F001D9809 /* Auth */ = {
			isa = PBXGroup;
			children = (
				414ED04025AA7F27001D9809 /* Protocols */,
				414ED04125AA7F3F001D9809 /* SignUpViewModel.swift */,
				414ED04425AA7F50001D9809 /* LoginViewModel.swift */,
			);
			path = Auth;
			sourceTree = "<group>";
		};
		414ED04025AA7F27001D9809 /* Protocols */ = {
			isa = PBXGroup;
			children = (
				414ED04725AA7F63001D9809 /* SignUpViewModelType.swift */,
				414ED04A25AA7F73001D9809 /* LogInViewModelType.swift */,
			);
			path = Protocols;
			sourceTree = "<group>";
		};
		414ED05025AA7FC6001D9809 /* AuthViewControllerFactory */ = {
			isa = PBXGroup;
			children = (
				414ED05125AA7FF7001D9809 /* AuthViewControllerFactory.swift */,
			);
			path = AuthViewControllerFactory;
			sourceTree = "<group>";
		};
		414ED05625AA80DB001D9809 /* AuthService */ = {
			isa = PBXGroup;
			children = (
				414ED05725AA80EB001D9809 /* AuthService.swift */,
				414ED05B25AA80F0001D9809 /* Protocols */,
			);
			path = AuthService;
			sourceTree = "<group>";
		};
		414ED05B25AA80F0001D9809 /* Protocols */ = {
			isa = PBXGroup;
			children = (
				414ED05C25AA8101001D9809 /* AuthServiceType.swift */,
			);
			path = Protocols;
			sourceTree = "<group>";
		};
		4161A4C92515625700FB218F /* Helpers */ = {
			isa = PBXGroup;
			children = (
				41466F9125165D9300E22CA1 /* Box */,
				4127DE432515583B004C123F /* ImagePath */,
			);
			path = Helpers;
			sourceTree = "<group>";
		};
		4173629A250E51430021A364 /* Networking */ = {
			isa = PBXGroup;
			children = (
				4127DE3C251557F9004C123F /* Constants */,
				4127DE3525155624004C123F /* ImageManager.swift */,
				4127DE1B25154024004C123F /* NetworkManager.swift */,
			);
			path = Networking;
			sourceTree = "<group>";
		};
		417362A1250E56ED0021A364 /* Protocols */ = {
			isa = PBXGroup;
			children = (
				4182EFAB25A90A9100F6B108 /* Navigator */,
				4182EF9B25A8DCBF00F6B108 /* VCFactory */,
				41FFE86D251215BE00B7A6F8 /* Network */,
			);
			path = Protocols;
			sourceTree = "<group>";
		};
		417362A8250E63720021A364 /* Extensions */ = {
			isa = PBXGroup;
			children = (
				417362A9250E63810021A364 /* View.swift */,
				4120D06725AB71290048DC9D /* Color.swift */,
			);
			path = Extensions;
			sourceTree = "<group>";
		};
		4182EF9B25A8DCBF00F6B108 /* VCFactory */ = {
			isa = PBXGroup;
			children = (
				4182EF9C25A8DCDD00F6B108 /* ViewControllerFactoryType.swift */,
			);
			path = VCFactory;
			sourceTree = "<group>";
		};
		4182EFA025A8DF2C00F6B108 /* MovieService */ = {
			isa = PBXGroup;
			children = (
				4127DE1E251544EB004C123F /* MovieService.swift */,
				419D045725A60D6900759014 /* Protocols */,
			);
			path = MovieService;
			sourceTree = "<group>";
		};
		4182EFA125A8DF5400F6B108 /* VCFactoryService */ = {
			isa = PBXGroup;
			children = (
				414ED05025AA7FC6001D9809 /* AuthViewControllerFactory */,
				4182EFA225A8DF6300F6B108 /* MovieViewControllerFactory */,
			);
			path = VCFactoryService;
			sourceTree = "<group>";
		};
		4182EFA225A8DF6300F6B108 /* MovieViewControllerFactory */ = {
			isa = PBXGroup;
			children = (
				4182EFA325A8DF9800F6B108 /* MovieViewControllerFactory.swift */,
			);
			path = MovieViewControllerFactory;
			sourceTree = "<group>";
		};
		4182EFAB25A90A9100F6B108 /* Navigator */ = {
			isa = PBXGroup;
			children = (
				4182EFAD25A90AB500F6B108 /* NavigatorType.swift */,
			);
			path = Navigator;
			sourceTree = "<group>";
		};
		4182EFB125A90AEE00F6B108 /* Navigation */ = {
			isa = PBXGroup;
			children = (
				4182EFB225A90B0900F6B108 /* MoviesNavigator.swift */,
				414ED04D25AA7F90001D9809 /* AuthNavigator.swift */,
			);
			path = Navigation;
			sourceTree = "<group>";
		};
		419D045725A60D6900759014 /* Protocols */ = {
			isa = PBXGroup;
			children = (
				4127DE2325154538004C123F /* MovieServiceType.swift */,
			);
			path = Protocols;
			sourceTree = "<group>";
		};
		41E9304825164F3400D0A2EB /* Protocols */ = {
			isa = PBXGroup;
			children = (
				41E9304A25164F8900D0A2EB /* MovieCellViewModelType.swift */,
			);
			path = Protocols;
			sourceTree = "<group>";
		};
		41FFE85A2511461200B7A6F8 /* Enums */ = {
			isa = PBXGroup;
			children = (
				41FFE8582511460D00B7A6F8 /* HTTPMethods.swift */,
			);
			path = Enums;
			sourceTree = "<group>";
		};
		41FFE86D251215BE00B7A6F8 /* Network */ = {
			isa = PBXGroup;
			children = (
				41FFE8692512147900B7A6F8 /* NetworkManagerType.swift */,
				4127DE1825153D78004C123F /* EndpointType.swift */,
				4127DE2C25155364004C123F /* ImagePathType.swift */,
				4127DE3825155639004C123F /* ImageManagerType.swift */,
			);
			path = Network;
			sourceTree = "<group>";
		};
		41FFE86F251216A100B7A6F8 /* MovieTable */ = {
			isa = PBXGroup;
			children = (
				41FFE8712512170700B7A6F8 /* Protocols */,
				4173629D250E56B70021A364 /* MovieTableViewModel.swift */,
			);
			path = MovieTable;
			sourceTree = "<group>";
		};
		41FFE870251216B700B7A6F8 /* MovieCell */ = {
			isa = PBXGroup;
			children = (
				41E9304825164F3400D0A2EB /* Protocols */,
				417362A4250E586B0021A364 /* MovieCellViewModel.swift */,
			);
			path = MovieCell;
			sourceTree = "<group>";
		};
		41FFE8712512170700B7A6F8 /* Protocols */ = {
			isa = PBXGroup;
			children = (
				41FFE873251243E000B7A6F8 /* MovieTableViewModelType.swift */,
			);
			path = Protocols;
			sourceTree = "<group>";
		};
		7A95EAA6C3039558D40747BF /* Pods */ = {
			isa = PBXGroup;
			children = (
				6F8C310AF86BA1C85478E786 /* Pods-movies.debug.xcconfig */,
				45318DABB5105262CA06285E /* Pods-movies.release.xcconfig */,
			);
			path = Pods;
			sourceTree = "<group>";
		};
		EBE3F96266862B67933AC872 /* Frameworks */ = {
			isa = PBXGroup;
			children = (
				9DD901ECCBF5B75E6DF3AAAD /* Pods_movies.framework */,
			);
			name = Frameworks;
			sourceTree = "<group>";
		};
/* End PBXGroup section */

/* Begin PBXNativeTarget section */
		41022CF0250E357C00A2709E /* movies */ = {
			isa = PBXNativeTarget;
			buildConfigurationList = 41022D05250E357D00A2709E /* Build configuration list for PBXNativeTarget "movies" */;
			buildPhases = (
				2A71B251501FAB5D398EF0D3 /* [CP] Check Pods Manifest.lock */,
				41022CED250E357C00A2709E /* Sources */,
				41022CEE250E357C00A2709E /* Frameworks */,
				41022CEF250E357C00A2709E /* Resources */,
				D5941239FD840A040D75AA40 /* [CP] Embed Pods Frameworks */,
			);
			buildRules = (
			);
			dependencies = (
			);
			name = movies;
			productName = movies;
			productReference = 41022CF1250E357C00A2709E /* movies.app */;
			productType = "com.apple.product-type.application";
		};
/* End PBXNativeTarget section */

/* Begin PBXProject section */
		41022CE9250E357C00A2709E /* Project object */ = {
			isa = PBXProject;
			attributes = {
				LastSwiftUpdateCheck = 1160;
				LastUpgradeCheck = 1200;
				ORGANIZATIONNAME = "Dzmitry  Sakalouski ";
				TargetAttributes = {
					41022CF0250E357C00A2709E = {
						CreatedOnToolsVersion = 11.6;
					};
				};
			};
			buildConfigurationList = 41022CEC250E357C00A2709E /* Build configuration list for PBXProject "movies" */;
			compatibilityVersion = "Xcode 9.3";
			developmentRegion = en;
			hasScannedForEncodings = 0;
			knownRegions = (
				en,
				Base,
			);
			mainGroup = 41022CE8250E357C00A2709E;
			productRefGroup = 41022CF2250E357C00A2709E /* Products */;
			projectDirPath = "";
			projectRoot = "";
			targets = (
				41022CF0250E357C00A2709E /* movies */,
			);
		};
/* End PBXProject section */

/* Begin PBXResourcesBuildPhase section */
		41022CEF250E357C00A2709E /* Resources */ = {
			isa = PBXResourcesBuildPhase;
			buildActionMask = 2147483647;
			files = (
				41022D01250E357D00A2709E /* LaunchScreen.storyboard in Resources */,
				41022CFE250E357D00A2709E /* Assets.xcassets in Resources */,
				414ED00025AA6ED3001D9809 /* GoogleService-Info.plist in Resources */,
			);
			runOnlyForDeploymentPostprocessing = 0;
		};
/* End PBXResourcesBuildPhase section */

/* Begin PBXShellScriptBuildPhase section */
		2A71B251501FAB5D398EF0D3 /* [CP] Check Pods Manifest.lock */ = {
			isa = PBXShellScriptBuildPhase;
			buildActionMask = 2147483647;
			files = (
			);
			inputFileListPaths = (
			);
			inputPaths = (
				"${PODS_PODFILE_DIR_PATH}/Podfile.lock",
				"${PODS_ROOT}/Manifest.lock",
			);
			name = "[CP] Check Pods Manifest.lock";
			outputFileListPaths = (
			);
			outputPaths = (
				"$(DERIVED_FILE_DIR)/Pods-movies-checkManifestLockResult.txt",
			);
			runOnlyForDeploymentPostprocessing = 0;
			shellPath = /bin/sh;
			shellScript = "diff \"${PODS_PODFILE_DIR_PATH}/Podfile.lock\" \"${PODS_ROOT}/Manifest.lock\" > /dev/null\nif [ $? != 0 ] ; then\n    # print error to STDERR\n    echo \"error: The sandbox is not in sync with the Podfile.lock. Run 'pod install' or update your CocoaPods installation.\" >&2\n    exit 1\nfi\n# This output is used by Xcode 'outputs' to avoid re-running this script phase.\necho \"SUCCESS\" > \"${SCRIPT_OUTPUT_FILE_0}\"\n";
			showEnvVarsInLog = 0;
		};
		D5941239FD840A040D75AA40 /* [CP] Embed Pods Frameworks */ = {
			isa = PBXShellScriptBuildPhase;
			buildActionMask = 2147483647;
			files = (
			);
			inputFileListPaths = (
				"${PODS_ROOT}/Target Support Files/Pods-movies/Pods-movies-frameworks-${CONFIGURATION}-input-files.xcfilelist",
			);
			name = "[CP] Embed Pods Frameworks";
			outputFileListPaths = (
				"${PODS_ROOT}/Target Support Files/Pods-movies/Pods-movies-frameworks-${CONFIGURATION}-output-files.xcfilelist",
			);
			runOnlyForDeploymentPostprocessing = 0;
			shellPath = /bin/sh;
			shellScript = "\"${PODS_ROOT}/Target Support Files/Pods-movies/Pods-movies-frameworks.sh\"\n";
			showEnvVarsInLog = 0;
		};
/* End PBXShellScriptBuildPhase section */

/* Begin PBXSourcesBuildPhase section */
		41022CED250E357C00A2709E /* Sources */ = {
			isa = PBXSourcesBuildPhase;
			buildActionMask = 2147483647;
			files = (
				4127DE1C25154024004C123F /* NetworkManager.swift in Sources */,
				414209342516A7B00007D0DB /* DetailsViewController.swift in Sources */,
				41FE71C0250FB8EC00092A7A /* MovieViewCell.swift in Sources */,
				414ED04E25AA7F90001D9809 /* AuthNavigator.swift in Sources */,
				4127DE2A25155348004C123F /* ImagePath.swift in Sources */,
				4182EFAE25A90AB500F6B108 /* NavigatorType.swift in Sources */,
				4127DE112515389D004C123F /* MovieEndpoints.swift in Sources */,
				41466F8D251652C400E22CA1 /* MovieProtocol.swift in Sources */,
				41E9304B25164F8900D0A2EB /* MovieCellViewModelType.swift in Sources */,
				41022D09250E35CD00A2709E /* MoviesTableViewController.swift in Sources */,
				4182EF9D25A8DCDD00F6B108 /* ViewControllerFactoryType.swift in Sources */,
				417362A5250E586B0021A364 /* MovieCellViewModel.swift in Sources */,
				41022CF5250E357C00A2709E /* AppDelegate.swift in Sources */,
				4120D06825AB71290048DC9D /* Color.swift in Sources */,
				4127DE3625155624004C123F /* ImageManager.swift in Sources */,
				41FFE8592511460D00B7A6F8 /* HTTPMethods.swift in Sources */,
				4182EFB325A90B0900F6B108 /* MoviesNavigator.swift in Sources */,
				414209392516AAFC0007D0DB /* MovieDetailsViewModelType.swift in Sources */,
				41022D10250E479C00A2709E /* Movie.swift in Sources */,
				414ED03325AA7280001D9809 /* EntryViewController.swift in Sources */,
				4142093D2516AB100007D0DB /* MovieDetailsViewModel.swift in Sources */,
				417362AA250E63810021A364 /* View.swift in Sources */,
				414ED05D25AA8101001D9809 /* AuthServiceType.swift in Sources */,
				4127DE1F251544EB004C123F /* MovieService.swift in Sources */,
				4127DE2D25155364004C123F /* ImagePathType.swift in Sources */,
				414ED04225AA7F3F001D9809 /* SignUpViewModel.swift in Sources */,
				41FFE86A2512147900B7A6F8 /* NetworkManagerType.swift in Sources */,
				414ED04825AA7F63001D9809 /* SignUpViewModelType.swift in Sources */,
				4127DE1625153D68004C123F /* Endpoint.swift in Sources */,
				414ED05825AA80EB001D9809 /* AuthService.swift in Sources */,
				4127DE1925153D78004C123F /* EndpointType.swift in Sources */,
				414ED04B25AA7F73001D9809 /* LogInViewModelType.swift in Sources */,
				41466F9325165DA200E22CA1 /* Box.swift in Sources */,
				4127DE3925155639004C123F /* ImageManagerType.swift in Sources */,
				414ED05225AA7FF7001D9809 /* AuthViewControllerFactory.swift in Sources */,
				4182EFA425A8DF9800F6B108 /* MovieViewControllerFactory.swift in Sources */,
				414ED04525AA7F50001D9809 /* LoginViewModel.swift in Sources */,
				4198E1072512A64700703AC9 /* NetworkConstants.swift in Sources */,
				414ED03D25AA7F0C001D9809 /* SignUpViewController.swift in Sources */,
				4127DE2425154538004C123F /* MovieServiceType.swift in Sources */,
				414ED03925AA7EFC001D9809 /* LoginViewController.swift in Sources */,
				4173629E250E56B80021A364 /* MovieTableViewModel.swift in Sources */,
				41FFE874251243E000B7A6F8 /* MovieTableViewModelType.swift in Sources */,
				41022CF7250E357C00A2709E /* SceneDelegate.swift in Sources */,
			);
			runOnlyForDeploymentPostprocessing = 0;
		};
/* End PBXSourcesBuildPhase section */

/* Begin PBXVariantGroup section */
		41022CFF250E357D00A2709E /* LaunchScreen.storyboard */ = {
			isa = PBXVariantGroup;
			children = (
				41022D00250E357D00A2709E /* Base */,
			);
			name = LaunchScreen.storyboard;
			sourceTree = "<group>";
		};
/* End PBXVariantGroup section */

/* Begin XCBuildConfiguration section */
		41022D03250E357D00A2709E /* Debug */ = {
			isa = XCBuildConfiguration;
			buildSettings = {
				ALWAYS_SEARCH_USER_PATHS = NO;
				CLANG_ANALYZER_NONNULL = YES;
				CLANG_ANALYZER_NUMBER_OBJECT_CONVERSION = YES_AGGRESSIVE;
				CLANG_CXX_LANGUAGE_STANDARD = "gnu++14";
				CLANG_CXX_LIBRARY = "libc++";
				CLANG_ENABLE_MODULES = YES;
				CLANG_ENABLE_OBJC_ARC = YES;
				CLANG_ENABLE_OBJC_WEAK = YES;
				CLANG_WARN_BLOCK_CAPTURE_AUTORELEASING = YES;
				CLANG_WARN_BOOL_CONVERSION = YES;
				CLANG_WARN_COMMA = YES;
				CLANG_WARN_CONSTANT_CONVERSION = YES;
				CLANG_WARN_DEPRECATED_OBJC_IMPLEMENTATIONS = YES;
				CLANG_WARN_DIRECT_OBJC_ISA_USAGE = YES_ERROR;
				CLANG_WARN_DOCUMENTATION_COMMENTS = YES;
				CLANG_WARN_EMPTY_BODY = YES;
				CLANG_WARN_ENUM_CONVERSION = YES;
				CLANG_WARN_INFINITE_RECURSION = YES;
				CLANG_WARN_INT_CONVERSION = YES;
				CLANG_WARN_NON_LITERAL_NULL_CONVERSION = YES;
				CLANG_WARN_OBJC_IMPLICIT_RETAIN_SELF = YES;
				CLANG_WARN_OBJC_LITERAL_CONVERSION = YES;
				CLANG_WARN_OBJC_ROOT_CLASS = YES_ERROR;
				CLANG_WARN_QUOTED_INCLUDE_IN_FRAMEWORK_HEADER = YES;
				CLANG_WARN_RANGE_LOOP_ANALYSIS = YES;
				CLANG_WARN_STRICT_PROTOTYPES = YES;
				CLANG_WARN_SUSPICIOUS_MOVE = YES;
				CLANG_WARN_UNGUARDED_AVAILABILITY = YES_AGGRESSIVE;
				CLANG_WARN_UNREACHABLE_CODE = YES;
				CLANG_WARN__DUPLICATE_METHOD_MATCH = YES;
				COPY_PHASE_STRIP = NO;
				DEBUG_INFORMATION_FORMAT = dwarf;
				ENABLE_STRICT_OBJC_MSGSEND = YES;
				ENABLE_TESTABILITY = YES;
				GCC_C_LANGUAGE_STANDARD = gnu11;
				GCC_DYNAMIC_NO_PIC = NO;
				GCC_NO_COMMON_BLOCKS = YES;
				GCC_OPTIMIZATION_LEVEL = 0;
				GCC_PREPROCESSOR_DEFINITIONS = (
					"DEBUG=1",
					"$(inherited)",
				);
				GCC_WARN_64_TO_32_BIT_CONVERSION = YES;
				GCC_WARN_ABOUT_RETURN_TYPE = YES_ERROR;
				GCC_WARN_UNDECLARED_SELECTOR = YES;
				GCC_WARN_UNINITIALIZED_AUTOS = YES_AGGRESSIVE;
				GCC_WARN_UNUSED_FUNCTION = YES;
				GCC_WARN_UNUSED_VARIABLE = YES;
				IPHONEOS_DEPLOYMENT_TARGET = 13.6;
				MTL_ENABLE_DEBUG_INFO = INCLUDE_SOURCE;
				MTL_FAST_MATH = YES;
				ONLY_ACTIVE_ARCH = YES;
				SDKROOT = iphoneos;
				SWIFT_ACTIVE_COMPILATION_CONDITIONS = DEBUG;
				SWIFT_OPTIMIZATION_LEVEL = "-Onone";
			};
			name = Debug;
		};
		41022D04250E357D00A2709E /* Release */ = {
			isa = XCBuildConfiguration;
			buildSettings = {
				ALWAYS_SEARCH_USER_PATHS = NO;
				CLANG_ANALYZER_NONNULL = YES;
				CLANG_ANALYZER_NUMBER_OBJECT_CONVERSION = YES_AGGRESSIVE;
				CLANG_CXX_LANGUAGE_STANDARD = "gnu++14";
				CLANG_CXX_LIBRARY = "libc++";
				CLANG_ENABLE_MODULES = YES;
				CLANG_ENABLE_OBJC_ARC = YES;
				CLANG_ENABLE_OBJC_WEAK = YES;
				CLANG_WARN_BLOCK_CAPTURE_AUTORELEASING = YES;
				CLANG_WARN_BOOL_CONVERSION = YES;
				CLANG_WARN_COMMA = YES;
				CLANG_WARN_CONSTANT_CONVERSION = YES;
				CLANG_WARN_DEPRECATED_OBJC_IMPLEMENTATIONS = YES;
				CLANG_WARN_DIRECT_OBJC_ISA_USAGE = YES_ERROR;
				CLANG_WARN_DOCUMENTATION_COMMENTS = YES;
				CLANG_WARN_EMPTY_BODY = YES;
				CLANG_WARN_ENUM_CONVERSION = YES;
				CLANG_WARN_INFINITE_RECURSION = YES;
				CLANG_WARN_INT_CONVERSION = YES;
				CLANG_WARN_NON_LITERAL_NULL_CONVERSION = YES;
				CLANG_WARN_OBJC_IMPLICIT_RETAIN_SELF = YES;
				CLANG_WARN_OBJC_LITERAL_CONVERSION = YES;
				CLANG_WARN_OBJC_ROOT_CLASS = YES_ERROR;
				CLANG_WARN_QUOTED_INCLUDE_IN_FRAMEWORK_HEADER = YES;
				CLANG_WARN_RANGE_LOOP_ANALYSIS = YES;
				CLANG_WARN_STRICT_PROTOTYPES = YES;
				CLANG_WARN_SUSPICIOUS_MOVE = YES;
				CLANG_WARN_UNGUARDED_AVAILABILITY = YES_AGGRESSIVE;
				CLANG_WARN_UNREACHABLE_CODE = YES;
				CLANG_WARN__DUPLICATE_METHOD_MATCH = YES;
				COPY_PHASE_STRIP = NO;
				DEBUG_INFORMATION_FORMAT = "dwarf-with-dsym";
				ENABLE_NS_ASSERTIONS = NO;
				ENABLE_STRICT_OBJC_MSGSEND = YES;
				GCC_C_LANGUAGE_STANDARD = gnu11;
				GCC_NO_COMMON_BLOCKS = YES;
				GCC_WARN_64_TO_32_BIT_CONVERSION = YES;
				GCC_WARN_ABOUT_RETURN_TYPE = YES_ERROR;
				GCC_WARN_UNDECLARED_SELECTOR = YES;
				GCC_WARN_UNINITIALIZED_AUTOS = YES_AGGRESSIVE;
				GCC_WARN_UNUSED_FUNCTION = YES;
				GCC_WARN_UNUSED_VARIABLE = YES;
				IPHONEOS_DEPLOYMENT_TARGET = 13.6;
				MTL_ENABLE_DEBUG_INFO = NO;
				MTL_FAST_MATH = YES;
				SDKROOT = iphoneos;
				SWIFT_COMPILATION_MODE = wholemodule;
				SWIFT_OPTIMIZATION_LEVEL = "-O";
				VALIDATE_PRODUCT = YES;
			};
			name = Release;
		};
		41022D06250E357D00A2709E /* Debug */ = {
			isa = XCBuildConfiguration;
			baseConfigurationReference = 6F8C310AF86BA1C85478E786 /* Pods-movies.debug.xcconfig */;
			buildSettings = {
				API_KEY = 02f23dd0ea131e1da0741220bb29d198;
				ASSETCATALOG_COMPILER_APPICON_NAME = AppIcon;
				BASE_IMAGE_URL = "https://image.tmdb.org/t/p/w500/";
				BASE_URL = "https://api.themoviedb.org/3/";
				CODE_SIGN_STYLE = Automatic;
				DEVELOPMENT_TEAM = Y537F44KXM;
				INFOPLIST_FILE = movies/Info.plist;
				LD_RUNPATH_SEARCH_PATHS = (
					"$(inherited)",
					"@executable_path/Frameworks",
				);
				PRODUCT_BUNDLE_IDENTIFIER = com.movies;
				PRODUCT_NAME = "$(TARGET_NAME)";
				SWIFT_VERSION = 5.0;
				TARGETED_DEVICE_FAMILY = "1,2";
			};
			name = Debug;
		};
		41022D07250E357D00A2709E /* Release */ = {
			isa = XCBuildConfiguration;
			baseConfigurationReference = 45318DABB5105262CA06285E /* Pods-movies.release.xcconfig */;
			buildSettings = {
				API_KEY = 02f23dd0ea131e1da0741220bb29d198;
				ASSETCATALOG_COMPILER_APPICON_NAME = AppIcon;
				BASE_IMAGE_URL = "https://image.tmdb.org/t/p/w500/";
				BASE_URL = "https://api.themoviedb.org/3/";
				CODE_SIGN_STYLE = Automatic;
				DEVELOPMENT_TEAM = Y537F44KXM;
				INFOPLIST_FILE = movies/Info.plist;
				LD_RUNPATH_SEARCH_PATHS = (
					"$(inherited)",
					"@executable_path/Frameworks",
				);
				PRODUCT_BUNDLE_IDENTIFIER = com.movies;
				PRODUCT_NAME = "$(TARGET_NAME)";
				SWIFT_VERSION = 5.0;
				TARGETED_DEVICE_FAMILY = "1,2";
			};
			name = Release;
		};
/* End XCBuildConfiguration section */

/* Begin XCConfigurationList section */
		41022CEC250E357C00A2709E /* Build configuration list for PBXProject "movies" */ = {
			isa = XCConfigurationList;
			buildConfigurations = (
				41022D03250E357D00A2709E /* Debug */,
				41022D04250E357D00A2709E /* Release */,
			);
			defaultConfigurationIsVisible = 0;
			defaultConfigurationName = Release;
		};
		41022D05250E357D00A2709E /* Build configuration list for PBXNativeTarget "movies" */ = {
			isa = XCConfigurationList;
			buildConfigurations = (
				41022D06250E357D00A2709E /* Debug */,
				41022D07250E357D00A2709E /* Release */,
			);
			defaultConfigurationIsVisible = 0;
			defaultConfigurationName = Release;
		};
/* End XCConfigurationList section */
	};
	rootObject = 41022CE9250E357C00A2709E /* Project object */;
}
